// !$*UTF8*$!
{
	archiveVersion = 1;
	classes = {
	};
	objectVersion = 50;
	objects = {

/* Begin PBXBuildFile section */
		8A3C19B72081D50500BBB470 /* AppDelegate.swift in Sources */ = {isa = PBXBuildFile; fileRef = 8A3C19B62081D50500BBB470 /* AppDelegate.swift */; };
		8A3C19B92081D50500BBB470 /* MessagesController.swift in Sources */ = {isa = PBXBuildFile; fileRef = 8A3C19B82081D50500BBB470 /* MessagesController.swift */; };
		8A3C19BC2081D50500BBB470 /* Main.storyboard in Resources */ = {isa = PBXBuildFile; fileRef = 8A3C19BA2081D50500BBB470 /* Main.storyboard */; };
		8A3C19BE2081D52A00BBB470 /* Assets.xcassets in Resources */ = {isa = PBXBuildFile; fileRef = 8A3C19BD2081D52A00BBB470 /* Assets.xcassets */; };
		8A3C19C12081D52A00BBB470 /* LaunchScreen.storyboard in Resources */ = {isa = PBXBuildFile; fileRef = 8A3C19BF2081D52A00BBB470 /* LaunchScreen.storyboard */; };
		8A3C19CA2081E55C00BBB470 /* LoginController.swift in Sources */ = {isa = PBXBuildFile; fileRef = 8A3C19C92081E55C00BBB470 /* LoginController.swift */; };
		8A3C19CC2082081000BBB470 /* GoogleService-Info.plist in Resources */ = {isa = PBXBuildFile; fileRef = 8A3C19CB2082081000BBB470 /* GoogleService-Info.plist */; };
		94152554208AEB1E00FFA96D /* Extensions.swift in Sources */ = {isa = PBXBuildFile; fileRef = 94152553208AEB1E00FFA96D /* Extensions.swift */; };
		9443CEBA20839C9F00940A9B /* NewMessagesController.swift in Sources */ = {isa = PBXBuildFile; fileRef = 9443CEB920839C9F00940A9B /* NewMessagesController.swift */; };
		9448B84C2086E24200B6696D /* LoginController+handlers.swift in Sources */ = {isa = PBXBuildFile; fileRef = 9448B84B2086E24200B6696D /* LoginController+handlers.swift */; };
		94B2AF33209B6E0C00043729 /* ChatLogControllerViewController.swift in Sources */ = {isa = PBXBuildFile; fileRef = 94B2AF32209B6E0C00043729 /* ChatLogControllerViewController.swift */; };
		94DBE19020851102008F547F /* User.swift in Sources */ = {isa = PBXBuildFile; fileRef = 94DBE18F20851102008F547F /* User.swift */; };
		94DBE1922085227E008F547F /* NewMessagesCell.swift in Sources */ = {isa = PBXBuildFile; fileRef = 94DBE1912085227E008F547F /* NewMessagesCell.swift */; };
		B003CABF167D6F3B5BAE4271 /* Pods_DemoChatApp.framework in Frameworks */ = {isa = PBXBuildFile; fileRef = EE9A72907ECCCF4EF09C43FA /* Pods_DemoChatApp.framework */; };
/* End PBXBuildFile section */

/* Begin PBXFileReference section */
		11E40691AFB7C2133C301CA7 /* Pods-DemoChatApp.debug.xcconfig */ = {isa = PBXFileReference; includeInIndex = 1; lastKnownFileType = text.xcconfig; name = "Pods-DemoChatApp.debug.xcconfig"; path = "Pods/Target Support Files/Pods-DemoChatApp/Pods-DemoChatApp.debug.xcconfig"; sourceTree = "<group>"; };
		574B215EBF2E53A086F67540 /* Pods-DemoChatApp.release.xcconfig */ = {isa = PBXFileReference; includeInIndex = 1; lastKnownFileType = text.xcconfig; name = "Pods-DemoChatApp.release.xcconfig"; path = "Pods/Target Support Files/Pods-DemoChatApp/Pods-DemoChatApp.release.xcconfig"; sourceTree = "<group>"; };
		8A3C19B32081D50400BBB470 /* DemoChatApp.app */ = {isa = PBXFileReference; explicitFileType = wrapper.application; includeInIndex = 0; path = DemoChatApp.app; sourceTree = BUILT_PRODUCTS_DIR; };
		8A3C19B62081D50500BBB470 /* AppDelegate.swift */ = {isa = PBXFileReference; lastKnownFileType = sourcecode.swift; path = AppDelegate.swift; sourceTree = "<group>"; };
		8A3C19B82081D50500BBB470 /* MessagesController.swift */ = {isa = PBXFileReference; lastKnownFileType = sourcecode.swift; path = MessagesController.swift; sourceTree = "<group>"; };
		8A3C19BB2081D50500BBB470 /* Base */ = {isa = PBXFileReference; lastKnownFileType = file.storyboard; name = Base; path = Base.lproj/Main.storyboard; sourceTree = "<group>"; };
		8A3C19BD2081D52A00BBB470 /* Assets.xcassets */ = {isa = PBXFileReference; lastKnownFileType = folder.assetcatalog; path = Assets.xcassets; sourceTree = "<group>"; };
		8A3C19C02081D52A00BBB470 /* Base */ = {isa = PBXFileReference; lastKnownFileType = file.storyboard; name = Base; path = Base.lproj/LaunchScreen.storyboard; sourceTree = "<group>"; };
		8A3C19C22081D52A00BBB470 /* Info.plist */ = {isa = PBXFileReference; lastKnownFileType = text.plist.xml; path = Info.plist; sourceTree = "<group>"; };
		8A3C19C92081E55C00BBB470 /* LoginController.swift */ = {isa = PBXFileReference; lastKnownFileType = sourcecode.swift; path = LoginController.swift; sourceTree = "<group>"; };
		8A3C19CB2082081000BBB470 /* GoogleService-Info.plist */ = {isa = PBXFileReference; fileEncoding = 4; lastKnownFileType = text.plist.xml; path = "GoogleService-Info.plist"; sourceTree = "<group>"; };
		94152553208AEB1E00FFA96D /* Extensions.swift */ = {isa = PBXFileReference; lastKnownFileType = sourcecode.swift; path = Extensions.swift; sourceTree = "<group>"; };
		9443CEB920839C9F00940A9B /* NewMessagesController.swift */ = {isa = PBXFileReference; lastKnownFileType = sourcecode.swift; path = NewMessagesController.swift; sourceTree = "<group>"; };
		9448B84B2086E24200B6696D /* LoginController+handlers.swift */ = {isa = PBXFileReference; lastKnownFileType = sourcecode.swift; path = "LoginController+handlers.swift"; sourceTree = "<group>"; };
		94B2AF32209B6E0C00043729 /* ChatLogControllerViewController.swift */ = {isa = PBXFileReference; lastKnownFileType = sourcecode.swift; path = ChatLogControllerViewController.swift; sourceTree = "<group>"; };
		94DBE18F20851102008F547F /* User.swift */ = {isa = PBXFileReference; lastKnownFileType = sourcecode.swift; path = User.swift; sourceTree = "<group>"; };
		94DBE1912085227E008F547F /* NewMessagesCell.swift */ = {isa = PBXFileReference; lastKnownFileType = sourcecode.swift; path = NewMessagesCell.swift; sourceTree = "<group>"; };
		EE9A72907ECCCF4EF09C43FA /* Pods_DemoChatApp.framework */ = {isa = PBXFileReference; explicitFileType = wrapper.framework; includeInIndex = 0; path = Pods_DemoChatApp.framework; sourceTree = BUILT_PRODUCTS_DIR; };
/* End PBXFileReference section */

/* Begin PBXFrameworksBuildPhase section */
		8A3C19B02081D50400BBB470 /* Frameworks */ = {
			isa = PBXFrameworksBuildPhase;
			buildActionMask = 2147483647;
			files = (
				B003CABF167D6F3B5BAE4271 /* Pods_DemoChatApp.framework in Frameworks */,
			);
			runOnlyForDeploymentPostprocessing = 0;
		};
/* End PBXFrameworksBuildPhase section */

/* Begin PBXGroup section */
		8A3C19AA2081D50400BBB470 = {
			isa = PBXGroup;
			children = (
				8A3C19B52081D50400BBB470 /* DemoChatApp */,
				8A3C19B42081D50400BBB470 /* Products */,
				C245FDF39E815CAF1C7E6E6B /* Pods */,
				BADA384AA90DAE18EEE6E852 /* Frameworks */,
			);
			sourceTree = "<group>";
		};
		8A3C19B42081D50400BBB470 /* Products */ = {
			isa = PBXGroup;
			children = (
				8A3C19B32081D50400BBB470 /* DemoChatApp.app */,
			);
			name = Products;
			sourceTree = "<group>";
		};
		8A3C19B52081D50400BBB470 /* DemoChatApp */ = {
			isa = PBXGroup;
			children = (
				94152552208AEAF300FFA96D /* Helpers */,
				94DBE19320852286008F547F /* View */,
				94DBE18E208510D5008F547F /* Model */,
				8A3C19C82081E51200BBB470 /* View Controllers */,
				8A3C19B62081D50500BBB470 /* AppDelegate.swift */,
				8A3C19BA2081D50500BBB470 /* Main.storyboard */,
				8A3C19BF2081D52A00BBB470 /* LaunchScreen.storyboard */,
				8A3C19BD2081D52A00BBB470 /* Assets.xcassets */,
				8A3C19C22081D52A00BBB470 /* Info.plist */,
				8A3C19CB2082081000BBB470 /* GoogleService-Info.plist */,
			);
			path = DemoChatApp;
			sourceTree = "<group>";
		};
		8A3C19C82081E51200BBB470 /* View Controllers */ = {
			isa = PBXGroup;
			children = (
				8A3C19B82081D50500BBB470 /* MessagesController.swift */,
				8A3C19C92081E55C00BBB470 /* LoginController.swift */,
				9443CEB920839C9F00940A9B /* NewMessagesController.swift */,
				9448B84B2086E24200B6696D /* LoginController+handlers.swift */,
				94B2AF32209B6E0C00043729 /* ChatLogControllerViewController.swift */,
			);
			path = "View Controllers";
			sourceTree = "<group>";
		};
		94152552208AEAF300FFA96D /* Helpers */ = {
			isa = PBXGroup;
			children = (
				94152553208AEB1E00FFA96D /* Extensions.swift */,
			);
			path = Helpers;
			sourceTree = "<group>";
		};
		94DBE18E208510D5008F547F /* Model */ = {
			isa = PBXGroup;
			children = (
				94DBE18F20851102008F547F /* User.swift */,
			);
			path = Model;
			sourceTree = "<group>";
		};
		94DBE19320852286008F547F /* View */ = {
			isa = PBXGroup;
			children = (
				94DBE1912085227E008F547F /* NewMessagesCell.swift */,
			);
			path = View;
			sourceTree = "<group>";
		};
		BADA384AA90DAE18EEE6E852 /* Frameworks */ = {
			isa = PBXGroup;
			children = (
				EE9A72907ECCCF4EF09C43FA /* Pods_DemoChatApp.framework */,
			);
			name = Frameworks;
			sourceTree = "<group>";
		};
		C245FDF39E815CAF1C7E6E6B /* Pods */ = {
			isa = PBXGroup;
			children = (
				11E40691AFB7C2133C301CA7 /* Pods-DemoChatApp.debug.xcconfig */,
				574B215EBF2E53A086F67540 /* Pods-DemoChatApp.release.xcconfig */,
			);
			name = Pods;
			sourceTree = "<group>";
		};
/* End PBXGroup section */

/* Begin PBXNativeTarget section */
		8A3C19B22081D50400BBB470 /* DemoChatApp */ = {
			isa = PBXNativeTarget;
			buildConfigurationList = 8A3C19C52081D52A00BBB470 /* Build configuration list for PBXNativeTarget "DemoChatApp" */;
			buildPhases = (
				40F6E2C01C3D0ED9A5F04014 /* [CP] Check Pods Manifest.lock */,
				8A3C19AF2081D50400BBB470 /* Sources */,
				8A3C19B02081D50400BBB470 /* Frameworks */,
				8A3C19B12081D50400BBB470 /* Resources */,
				4C0001613438EF16A5EF97B1 /* [CP] Embed Pods Frameworks */,
				1443D5BB9A55250C1358EBE9 /* [CP] Copy Pods Resources */,
			);
			buildRules = (
			);
			dependencies = (
			);
			name = DemoChatApp;
			productName = DemoChatApp;
			productReference = 8A3C19B32081D50400BBB470 /* DemoChatApp.app */;
			productType = "com.apple.product-type.application";
		};
/* End PBXNativeTarget section */

/* Begin PBXProject section */
		8A3C19AB2081D50400BBB470 /* Project object */ = {
			isa = PBXProject;
			attributes = {
				LastSwiftUpdateCheck = 0930;
				LastUpgradeCheck = 0930;
				ORGANIZATIONNAME = "Shashank Panwar";
				TargetAttributes = {
					8A3C19B22081D50400BBB470 = {
						CreatedOnToolsVersion = 9.3;
					};
				};
			};
			buildConfigurationList = 8A3C19AE2081D50400BBB470 /* Build configuration list for PBXProject "DemoChatApp" */;
			compatibilityVersion = "Xcode 9.3";
			developmentRegion = en;
			hasScannedForEncodings = 0;
			knownRegions = (
				en,
				Base,
			);
			mainGroup = 8A3C19AA2081D50400BBB470;
			productRefGroup = 8A3C19B42081D50400BBB470 /* Products */;
			projectDirPath = "";
			projectRoot = "";
			targets = (
				8A3C19B22081D50400BBB470 /* DemoChatApp */,
			);
		};
/* End PBXProject section */

/* Begin PBXResourcesBuildPhase section */
		8A3C19B12081D50400BBB470 /* Resources */ = {
			isa = PBXResourcesBuildPhase;
			buildActionMask = 2147483647;
			files = (
				8A3C19C12081D52A00BBB470 /* LaunchScreen.storyboard in Resources */,
				8A3C19BE2081D52A00BBB470 /* Assets.xcassets in Resources */,
				8A3C19BC2081D50500BBB470 /* Main.storyboard in Resources */,
				8A3C19CC2082081000BBB470 /* GoogleService-Info.plist in Resources */,
			);
			runOnlyForDeploymentPostprocessing = 0;
		};
/* End PBXResourcesBuildPhase section */

/* Begin PBXShellScriptBuildPhase section */
		1443D5BB9A55250C1358EBE9 /* [CP] Copy Pods Resources */ = {
			isa = PBXShellScriptBuildPhase;
			buildActionMask = 2147483647;
			files = (
			);
			inputPaths = (
			);
			name = "[CP] Copy Pods Resources";
			outputPaths = (
			);
			runOnlyForDeploymentPostprocessing = 0;
			shellPath = /bin/sh;
			shellScript = "\"${SRCROOT}/Pods/Target Support Files/Pods-DemoChatApp/Pods-DemoChatApp-resources.sh\"\n";
			showEnvVarsInLog = 0;
		};
		40F6E2C01C3D0ED9A5F04014 /* [CP] Check Pods Manifest.lock */ = {
			isa = PBXShellScriptBuildPhase;
			buildActionMask = 2147483647;
			files = (
			);
			inputPaths = (
				"${PODS_PODFILE_DIR_PATH}/Podfile.lock",
				"${PODS_ROOT}/Manifest.lock",
			);
			name = "[CP] Check Pods Manifest.lock";
			outputPaths = (
				"$(DERIVED_FILE_DIR)/Pods-DemoChatApp-checkManifestLockResult.txt",
			);
			runOnlyForDeploymentPostprocessing = 0;
			shellPath = /bin/sh;
			shellScript = "diff \"${PODS_PODFILE_DIR_PATH}/Podfile.lock\" \"${PODS_ROOT}/Manifest.lock\" > /dev/null\nif [ $? != 0 ] ; then\n    # print error to STDERR\n    echo \"error: The sandbox is not in sync with the Podfile.lock. Run 'pod install' or update your CocoaPods installation.\" >&2\n    exit 1\nfi\n# This output is used by Xcode 'outputs' to avoid re-running this script phase.\necho \"SUCCESS\" > \"${SCRIPT_OUTPUT_FILE_0}\"\n";
			showEnvVarsInLog = 0;
		};
		4C0001613438EF16A5EF97B1 /* [CP] Embed Pods Frameworks */ = {
			isa = PBXShellScriptBuildPhase;
			buildActionMask = 2147483647;
			files = (
			);
			inputPaths = (
				"${SRCROOT}/Pods/Target Support Files/Pods-DemoChatApp/Pods-DemoChatApp-frameworks.sh",
				"${BUILT_PRODUCTS_DIR}/GTMSessionFetcher/GTMSessionFetcher.framework",
				"${BUILT_PRODUCTS_DIR}/GoogleToolboxForMac/GoogleToolboxForMac.framework",
				"${BUILT_PRODUCTS_DIR}/leveldb-library/leveldb.framework",
				"${BUILT_PRODUCTS_DIR}/nanopb/nanopb.framework",
			);
			name = "[CP] Embed Pods Frameworks";
			outputPaths = (
				"${TARGET_BUILD_DIR}/${FRAMEWORKS_FOLDER_PATH}/GTMSessionFetcher.framework",
				"${TARGET_BUILD_DIR}/${FRAMEWORKS_FOLDER_PATH}/GoogleToolboxForMac.framework",
				"${TARGET_BUILD_DIR}/${FRAMEWORKS_FOLDER_PATH}/leveldb.framework",
				"${TARGET_BUILD_DIR}/${FRAMEWORKS_FOLDER_PATH}/nanopb.framework",
			);
			runOnlyForDeploymentPostprocessing = 0;
			shellPath = /bin/sh;
			shellScript = "\"${SRCROOT}/Pods/Target Support Files/Pods-DemoChatApp/Pods-DemoChatApp-frameworks.sh\"\n";
			showEnvVarsInLog = 0;
		};
/* End PBXShellScriptBuildPhase section */

/* Begin PBXSourcesBuildPhase section */
		8A3C19AF2081D50400BBB470 /* Sources */ = {
			isa = PBXSourcesBuildPhase;
			buildActionMask = 2147483647;
			files = (
				94DBE1922085227E008F547F /* NewMessagesCell.swift in Sources */,
				9443CEBA20839C9F00940A9B /* NewMessagesController.swift in Sources */,
				8A3C19B92081D50500BBB470 /* MessagesController.swift in Sources */,
				94B2AF33209B6E0C00043729 /* ChatLogControllerViewController.swift in Sources */,
				94152554208AEB1E00FFA96D /* Extensions.swift in Sources */,
				8A3C19CA2081E55C00BBB470 /* LoginController.swift in Sources */,
				9448B84C2086E24200B6696D /* LoginController+handlers.swift in Sources */,
				94DBE19020851102008F547F /* User.swift in Sources */,
				8A3C19B72081D50500BBB470 /* AppDelegate.swift in Sources */,
			);
			runOnlyForDeploymentPostprocessing = 0;
		};
/* End PBXSourcesBuildPhase section */

/* Begin PBXVariantGroup section */
		8A3C19BA2081D50500BBB470 /* Main.storyboard */ = {
			isa = PBXVariantGroup;
			children = (
				8A3C19BB2081D50500BBB470 /* Base */,
			);
			name = Main.storyboard;
			sourceTree = "<group>";
		};
		8A3C19BF2081D52A00BBB470 /* LaunchScreen.storyboard */ = {
			isa = PBXVariantGroup;
			children = (
				8A3C19C02081D52A00BBB470 /* Base */,
			);
			name = LaunchScreen.storyboard;
			sourceTree = "<group>";
		};
/* End PBXVariantGroup section */

/* Begin XCBuildConfiguration section */
		8A3C19C32081D52A00BBB470 /* Debug */ = {
			isa = XCBuildConfiguration;
			buildSettings = {
				ALWAYS_SEARCH_USER_PATHS = NO;
				CLANG_ANALYZER_NONNULL = YES;
				CLANG_ANALYZER_NUMBER_OBJECT_CONVERSION = YES_AGGRESSIVE;
				CLANG_CXX_LANGUAGE_STANDARD = "gnu++14";
				CLANG_CXX_LIBRARY = "libc++";
				CLANG_ENABLE_MODULES = YES;
				CLANG_ENABLE_OBJC_ARC = YES;
				CLANG_ENABLE_OBJC_WEAK = YES;
				CLANG_WARN_BLOCK_CAPTURE_AUTORELEASING = YES;
				CLANG_WARN_BOOL_CONVERSION = YES;
				CLANG_WARN_COMMA = YES;
				CLANG_WARN_CONSTANT_CONVERSION = YES;
				CLANG_WARN_DEPRECATED_OBJC_IMPLEMENTATIONS = YES;
				CLANG_WARN_DIRECT_OBJC_ISA_USAGE = YES_ERROR;
				CLANG_WARN_DOCUMENTATION_COMMENTS = YES;
				CLANG_WARN_EMPTY_BODY = YES;
				CLANG_WARN_ENUM_CONVERSION = YES;
				CLANG_WARN_INFINITE_RECURSION = YES;
				CLANG_WARN_INT_CONVERSION = YES;
				CLANG_WARN_NON_LITERAL_NULL_CONVERSION = YES;
				CLANG_WARN_OBJC_IMPLICIT_RETAIN_SELF = YES;
				CLANG_WARN_OBJC_LITERAL_CONVERSION = YES;
				CLANG_WARN_OBJC_ROOT_CLASS = YES_ERROR;
				CLANG_WARN_RANGE_LOOP_ANALYSIS = YES;
				CLANG_WARN_STRICT_PROTOTYPES = YES;
				CLANG_WARN_SUSPICIOUS_MOVE = YES;
				CLANG_WARN_UNGUARDED_AVAILABILITY = YES_AGGRESSIVE;
				CLANG_WARN_UNREACHABLE_CODE = YES;
				CLANG_WARN__DUPLICATE_METHOD_MATCH = YES;
				CODE_SIGN_IDENTITY = "iPhone Developer";
				COPY_PHASE_STRIP = NO;
				DEBUG_INFORMATION_FORMAT = dwarf;
				ENABLE_STRICT_OBJC_MSGSEND = YES;
				ENABLE_TESTABILITY = YES;
				GCC_C_LANGUAGE_STANDARD = gnu11;
				GCC_DYNAMIC_NO_PIC = NO;
				GCC_NO_COMMON_BLOCKS = YES;
				GCC_OPTIMIZATION_LEVEL = 0;
				GCC_PREPROCESSOR_DEFINITIONS = (
					"DEBUG=1",
					"$(inherited)",
				);
				GCC_WARN_64_TO_32_BIT_CONVERSION = YES;
				GCC_WARN_ABOUT_RETURN_TYPE = YES_ERROR;
				GCC_WARN_UNDECLARED_SELECTOR = YES;
				GCC_WARN_UNINITIALIZED_AUTOS = YES_AGGRESSIVE;
				GCC_WARN_UNUSED_FUNCTION = YES;
				GCC_WARN_UNUSED_VARIABLE = YES;
				IPHONEOS_DEPLOYMENT_TARGET = 11.3;
				MTL_ENABLE_DEBUG_INFO = YES;
				ONLY_ACTIVE_ARCH = YES;
				SDKROOT = iphoneos;
				SWIFT_ACTIVE_COMPILATION_CONDITIONS = DEBUG;
				SWIFT_OPTIMIZATION_LEVEL = "-Onone";
			};
			name = Debug;
		};
		8A3C19C42081D52A00BBB470 /* Release */ = {
			isa = XCBuildConfiguration;
			buildSettings = {
				ALWAYS_SEARCH_USER_PATHS = NO;
				CLANG_ANALYZER_NONNULL = YES;
				CLANG_ANALYZER_NUMBER_OBJECT_CONVERSION = YES_AGGRESSIVE;
				CLANG_CXX_LANGUAGE_STANDARD = "gnu++14";
				CLANG_CXX_LIBRARY = "libc++";
				CLANG_ENABLE_MODULES = YES;
				CLANG_ENABLE_OBJC_ARC = YES;
				CLANG_ENABLE_OBJC_WEAK = YES;
				CLANG_WARN_BLOCK_CAPTURE_AUTORELEASING = YES;
				CLANG_WARN_BOOL_CONVERSION = YES;
				CLANG_WARN_COMMA = YES;
				CLANG_WARN_CONSTANT_CONVERSION = YES;
				CLANG_WARN_DEPRECATED_OBJC_IMPLEMENTATIONS = YES;
				CLANG_WARN_DIRECT_OBJC_ISA_USAGE = YES_ERROR;
				CLANG_WARN_DOCUMENTATION_COMMENTS = YES;
				CLANG_WARN_EMPTY_BODY = YES;
				CLANG_WARN_ENUM_CONVERSION = YES;
				CLANG_WARN_INFINITE_RECURSION = YES;
				CLANG_WARN_INT_CONVERSION = YES;
				CLANG_WARN_NON_LITERAL_NULL_CONVERSION = YES;
				CLANG_WARN_OBJC_IMPLICIT_RETAIN_SELF = YES;
				CLANG_WARN_OBJC_LITERAL_CONVERSION = YES;
				CLANG_WARN_OBJC_ROOT_CLASS = YES_ERROR;
				CLANG_WARN_RANGE_LOOP_ANALYSIS = YES;
				CLANG_WARN_STRICT_PROTOTYPES = YES;
				CLANG_WARN_SUSPICIOUS_MOVE = YES;
				CLANG_WARN_UNGUARDED_AVAILABILITY = YES_AGGRESSIVE;
				CLANG_WARN_UNREACHABLE_CODE = YES;
				CLANG_WARN__DUPLICATE_METHOD_MATCH = YES;
				CODE_SIGN_IDENTITY = "iPhone Developer";
				COPY_PHASE_STRIP = NO;
				DEBUG_INFORMATION_FORMAT = "dwarf-with-dsym";
				ENABLE_NS_ASSERTIONS = NO;
				ENABLE_STRICT_OBJC_MSGSEND = YES;
				GCC_C_LANGUAGE_STANDARD = gnu11;
				GCC_NO_COMMON_BLOCKS = YES;
				GCC_WARN_64_TO_32_BIT_CONVERSION = YES;
				GCC_WARN_ABOUT_RETURN_TYPE = YES_ERROR;
				GCC_WARN_UNDECLARED_SELECTOR = YES;
				GCC_WARN_UNINITIALIZED_AUTOS = YES_AGGRESSIVE;
				GCC_WARN_UNUSED_FUNCTION = YES;
				GCC_WARN_UNUSED_VARIABLE = YES;
				IPHONEOS_DEPLOYMENT_TARGET = 11.3;
				MTL_ENABLE_DEBUG_INFO = NO;
				SDKROOT = iphoneos;
				SWIFT_COMPILATION_MODE = wholemodule;
				SWIFT_OPTIMIZATION_LEVEL = "-O";
				VALIDATE_PRODUCT = YES;
			};
			name = Release;
		};
		8A3C19C62081D52A00BBB470 /* Debug */ = {
			isa = XCBuildConfiguration;
			baseConfigurationReference = 11E40691AFB7C2133C301CA7 /* Pods-DemoChatApp.debug.xcconfig */;
			buildSettings = {
				ASSETCATALOG_COMPILER_APPICON_NAME = AppIcon;
				CODE_SIGN_STYLE = Automatic;
				INFOPLIST_FILE = DemoChatApp/Info.plist;
				IPHONEOS_DEPLOYMENT_TARGET = 9.0;
				LD_RUNPATH_SEARCH_PATHS = (
					"$(inherited)",
					"@executable_path/Frameworks",
				);
				PRODUCT_BUNDLE_IDENTIFIER = kayosys.DemoChatApp;
				PRODUCT_NAME = "$(TARGET_NAME)";
				SWIFT_VERSION = 4.0;
				TARGETED_DEVICE_FAMILY = "1,2";
			};
			name = Debug;
		};
		8A3C19C72081D52A00BBB470 /* Release */ = {
			isa = XCBuildConfiguration;
			baseConfigurationReference = 574B215EBF2E53A086F67540 /* Pods-DemoChatApp.release.xcconfig */;
			buildSettings = {
				ASSETCATALOG_COMPILER_APPICON_NAME = AppIcon;
				CODE_SIGN_STYLE = Automatic;
				INFOPLIST_FILE = DemoChatApp/Info.plist;
				IPHONEOS_DEPLOYMENT_TARGET = 9.0;
				LD_RUNPATH_SEARCH_PATHS = (
					"$(inherited)",
					"@executable_path/Frameworks",
				);
				PRODUCT_BUNDLE_IDENTIFIER = kayosys.DemoChatApp;
				PRODUCT_NAME = "$(TARGET_NAME)";
				SWIFT_VERSION = 4.0;
				TARGETED_DEVICE_FAMILY = "1,2";
			};
			name = Release;
		};
/* End XCBuildConfiguration section */

/* Begin XCConfigurationList section */
		8A3C19AE2081D50400BBB470 /* Build configuration list for PBXProject "DemoChatApp" */ = {
			isa = XCConfigurationList;
			buildConfigurations = (
				8A3C19C32081D52A00BBB470 /* Debug */,
				8A3C19C42081D52A00BBB470 /* Release */,
			);
			defaultConfigurationIsVisible = 0;
			defaultConfigurationName = Release;
		};
		8A3C19C52081D52A00BBB470 /* Build configuration list for PBXNativeTarget "DemoChatApp" */ = {
			isa = XCConfigurationList;
			buildConfigurations = (
				8A3C19C62081D52A00BBB470 /* Debug */,
				8A3C19C72081D52A00BBB470 /* Release */,
			);
			defaultConfigurationIsVisible = 0;
			defaultConfigurationName = Release;
		};
/* End XCConfigurationList section */
	};
	rootObject = 8A3C19AB2081D50400BBB470 /* Project object */;
}
